
Microsoft Visual Studio Solution File, Format Version 12.00
# Visual Studio Version 16
VisualStudioVersion = 16.0.34031.81
MinimumVisualStudioVersion = 10.0.40219.1
Project("{FAE04EC0-301F-11D3-BF4B-00C04F79EFBC}") = "ExamWeb_DoanNguyenHuy", "ExamWeb_DoanNguyenHuy\ExamWeb_DoanNguyenHuy.csproj", "{F4983FF2-DC1E-47B0-8D5A-E57113C9F662}"
EndProject
Global
	GlobalSection(SolutionConfigurationPlatforms) = preSolution
		Debug|Any CPU = Debug|Any CPU
		Release|Any CPU = Release|Any CPU
	EndGlobalSection
	GlobalSection(ProjectConfigurationPlatforms) = postSolution
		{F4983FF2-DC1E-47B0-8D5A-E57113C9F662}.Debug|Any CPU.ActiveCfg = Debug|Any CPU
		{F4983FF2-DC1E-47B0-8D5A-E57113C9F662}.Debug|Any CPU.Build.0 = Debug|Any CPU
		{F4983FF2-DC1E-47B0-8D5A-E57113C9F662}.Release|Any CPU.ActiveCfg = Release|Any CPU
		{F4983FF2-DC1E-47B0-8D5A-E57113C9F662}.Release|Any CPU.Build.0 = Release|Any CPU
	EndGlobalSection
	GlobalSection(SolutionProperties) = preSolution
		HideSolutionNode = FALSE
	EndGlobalSection
	GlobalSection(ExtensibilityGlobals) = postSolution
		SolutionGuid = {AEB0C0B4-AD8B-4E6D-B9A2-F1D0D237B2EE}
	EndGlobalSection
EndGlobal
